<?xml version="1.0" encoding="utf-8"?>
<Project ToolsVersion="17.0" xmlns="http://schemas.microsoft.com/developer/msbuild/2003">
  <ItemGroup>
    <ClCompile Include="E:\repos\BloogBot\Exports\FastCall\dllmain.cpp">
      <Filter>Source Files</Filter>
    </ClCompile>
    <ClCompile Include="E:\repos\BloogBot\Exports\FastCall\stdafx.cpp">
      <Filter>Source Files</Filter>
    </ClCompile>
  </ItemGroup>
  <ItemGroup>
    <ClInclude Include="E:\repos\BloogBot\Exports\FastCall\stdafx.h">
      <Filter>Header Files</Filter>
    </ClInclude>
    <ClInclude Include="E:\repos\BloogBot\Exports\FastCall\targetver.h">
      <Filter>Header Files</Filter>
    </ClInclude>
  </ItemGroup>
  <ItemGroup>
    <CustomBuild Include="E:\repos\BloogBot\Exports\FastCall\CMakeLists.txt" />
  </ItemGroup>
  <ItemGroup>
    <Filter Include="Header Files">
      <UniqueIdentifier>{A5FD6A34-1CD1-30DF-8469-F9176B2C945E}</UniqueIdentifier>
    </Filter>
    <Filter Include="Source Files">
      <UniqueIdentifier>{34EAC6B5-AA0A-3352-9E8E-313B598672EE}</UniqueIdentifier>
    </Filter>
  </ItemGroup>
</Project>
